
Microsoft Visual Studio Solution File, Format Version 12.00
Project("{FAE04EC0-301F-11D3-BF4B-00C04F79EFBC}") = "Lab4", "Lab4\Lab4.csproj", "{151AC41D-4FF3-4620-B53D-66DA009A6472}"
EndProject
Global
	GlobalSection(SolutionConfigurationPlatforms) = preSolution
		Debug|Any CPU = Debug|Any CPU
		Release|Any CPU = Release|Any CPU
	EndGlobalSection
	GlobalSection(ProjectConfigurationPlatforms) = postSolution
		{151AC41D-4FF3-4620-B53D-66DA009A6472}.Debug|Any CPU.ActiveCfg = Debug|Any CPU
		{151AC41D-4FF3-4620-B53D-66DA009A6472}.Debug|Any CPU.Build.0 = Debug|Any CPU
		{151AC41D-4FF3-4620-B53D-66DA009A6472}.Release|Any CPU.ActiveCfg = Release|Any CPU
		{151AC41D-4FF3-4620-B53D-66DA009A6472}.Release|Any CPU.Build.0 = Release|Any CPU
	EndGlobalSection
EndGlobal
